
Microsoft Visual Studio Solution File, Format Version 12.00
# Visual Studio Version 16
VisualStudioVersion = 16.0.30104.148
MinimumVisualStudioVersion = 10.0.40219.1
Project("{FAE04EC0-301F-11D3-BF4B-00C04F79EFBC}") = "My Project", "My Project\My Project.csproj", "{E18925D6-1A73-4AE8-B6D2-E9BCD66C6141}"
EndProject
Global
	GlobalSection(SolutionConfigurationPlatforms) = preSolution
		Debug|Any CPU = Debug|Any CPU
		Release|Any CPU = Release|Any CPU
	EndGlobalSection
	GlobalSection(ProjectConfigurationPlatforms) = postSolution
		{E18925D6-1A73-4AE8-B6D2-E9BCD66C6141}.Debug|Any CPU.ActiveCfg = Debug|Any CPU
		{E18925D6-1A73-4AE8-B6D2-E9BCD66C6141}.Debug|Any CPU.Build.0 = Debug|Any CPU
		{E18925D6-1A73-4AE8-B6D2-E9BCD66C6141}.Release|Any CPU.ActiveCfg = Release|Any CPU
		{E18925D6-1A73-4AE8-B6D2-E9BCD66C6141}.Release|Any CPU.Build.0 = Release|Any CPU
	EndGlobalSection
	GlobalSection(SolutionProperties) = preSolution
		HideSolutionNode = FALSE
	EndGlobalSection
	GlobalSection(ExtensibilityGlobals) = postSolution
		SolutionGuid = {F7ED0234-26E1-4414-BF62-09FEB2221D5D}
	EndGlobalSection
EndGlobal
